
Microsoft Visual Studio Solution File, Format Version 11.00
# Visual Studio 2010
Project("{FAE04EC0-301F-11D3-BF4B-00C04F79EFBC}") = "uDateFoldersy.Web", "..\Source\uDateFoldersy.Web\uDateFoldersy.Web.csproj", "{347DC923-8E49-44A3-82FA-6BDFBD424554}"
EndProject

Global
	GlobalSection(TestCaseManagementSettings) = postSolution
		CategoryFile = uDateFoldersy.Web.vsmdi
	EndGlobalSection
	GlobalSection(SolutionConfigurationPlatforms) = preSolution
		Debug|Any CPU = Debug|Any CPU
		Release|Any CPU = Release|Any CPU
	EndGlobalSection
	GlobalSection(ProjectConfigurationPlatforms) = postSolution
		{347DC923-8E49-44A3-82FA-6BDFBD424554}.Debug|Any CPU.ActiveCfg = Debug|Any CPU
		{347DC923-8E49-44A3-82FA-6BDFBD424554}.Debug|Any CPU.Build.0 = Debug|Any CPU
		{347DC923-8E49-44A3-82FA-6BDFBD424554}.Release|Any CPU.ActiveCfg = Release|Any CPU
		{347DC923-8E49-44A3-82FA-6BDFBD424554}.Release|Any CPU.Build.0 = Release|Any CPU
		{6441BCE0-8C40-4F63-873B-5F0FDE52CC50}.Debug|Any CPU.ActiveCfg = Debug|Any CPU
		{6441BCE0-8C40-4F63-873B-5F0FDE52CC50}.Debug|Any CPU.Build.0 = Debug|Any CPU
		{6441BCE0-8C40-4F63-873B-5F0FDE52CC50}.Release|Any CPU.ActiveCfg = Release|Any CPU
		{6441BCE0-8C40-4F63-873B-5F0FDE52CC50}.Release|Any CPU.Build.0 = Release|Any CPU
		{D5176D34-514A-44B2-B966-65FBBD27EB40}.Debug|Any CPU.ActiveCfg = Debug|Any CPU
		{D5176D34-514A-44B2-B966-65FBBD27EB40}.Debug|Any CPU.Build.0 = Debug|Any CPU
		{D5176D34-514A-44B2-B966-65FBBD27EB40}.Release|Any CPU.ActiveCfg = Release|Any CPU
		{D5176D34-514A-44B2-B966-65FBBD27EB40}.Release|Any CPU.Build.0 = Release|Any CPU
		{F1196B2E-6A16-4C09-A52C-14A52117E435}.Debug|Any CPU.ActiveCfg = Debug|Any CPU
		{F1196B2E-6A16-4C09-A52C-14A52117E435}.Debug|Any CPU.Build.0 = Debug|Any CPU
		{F1196B2E-6A16-4C09-A52C-14A52117E435}.Release|Any CPU.ActiveCfg = Release|Any CPU
		{F1196B2E-6A16-4C09-A52C-14A52117E435}.Release|Any CPU.Build.0 = Release|Any CPU
		{C3FCA819-2EB6-455C-9743-853266E47391}.Debug|Any CPU.ActiveCfg = Debug|Any CPU
		{C3FCA819-2EB6-455C-9743-853266E47391}.Debug|Any CPU.Build.0 = Debug|Any CPU
		{C3FCA819-2EB6-455C-9743-853266E47391}.Release|Any CPU.ActiveCfg = Release|Any CPU
		{C3FCA819-2EB6-455C-9743-853266E47391}.Release|Any CPU.Build.0 = Release|Any CPU
	EndGlobalSection
	GlobalSection(SolutionProperties) = preSolution
		HideSolutionNode = FALSE
	EndGlobalSection
	GlobalSection(NestedProjects) = preSolution
		{F1196B2E-6A16-4C09-A52C-14A52117E435} = {34F14ABA-323E-42FD-924B-89923E78AA64}
	EndGlobalSection
EndGlobal
